// !$*UTF8*$!
{
	archiveVersion = 1;
	classes = {
	};
	objectVersion = 46;
	objects = {

/* Begin PBXBuildFile section */
		C50E3F78187DEB8100A060BD /* Cocoa.framework in Frameworks */ = {isa = PBXBuildFile; fileRef = C50E3F77187DEB8100A060BD /* Cocoa.framework */; };
		C50E3F82187DEB8100A060BD /* InfoPlist.strings in Resources */ = {isa = PBXBuildFile; fileRef = C50E3F80187DEB8100A060BD /* InfoPlist.strings */; };
		C50E3F84187DEB8100A060BD /* main.m in Sources */ = {isa = PBXBuildFile; fileRef = C50E3F83187DEB8100A060BD /* main.m */; };
		C50E3F88187DEB8100A060BD /* Credits.rtf in Resources */ = {isa = PBXBuildFile; fileRef = C50E3F86187DEB8100A060BD /* Credits.rtf */; };
		C50E3F90187DEB8100A060BD /* Images.xcassets in Resources */ = {isa = PBXBuildFile; fileRef = C50E3F8F187DEB8100A060BD /* Images.xcassets */; };
		C50E3F97187DEB8200A060BD /* XCTest.framework in Frameworks */ = {isa = PBXBuildFile; fileRef = C50E3F96187DEB8200A060BD /* XCTest.framework */; };
		C50E3F98187DEB8200A060BD /* Cocoa.framework in Frameworks */ = {isa = PBXBuildFile; fileRef = C50E3F77187DEB8100A060BD /* Cocoa.framework */; };
		C50E3FA0187DEB8200A060BD /* InfoPlist.strings in Resources */ = {isa = PBXBuildFile; fileRef = C50E3F9E187DEB8200A060BD /* InfoPlist.strings */; };
		C50E3FA2187DEB8200A060BD /* PomoTests.m in Sources */ = {isa = PBXBuildFile; fileRef = C50E3FA1187DEB8200A060BD /* PomoTests.m */; };
		C50E3FB4187DEBE600A060BD /* AppDelegate.m in Sources */ = {isa = PBXBuildFile; fileRef = C50E3FAC187DEBE600A060BD /* AppDelegate.m */; };
		C50E3FB5187DEBE600A060BD /* Highlight Icon Big.png in Resources */ = {isa = PBXBuildFile; fileRef = C50E3FAD187DEBE600A060BD /* Highlight Icon Big.png */; };
		C50E3FB6187DEBE600A060BD /* Highlight Icon.png in Resources */ = {isa = PBXBuildFile; fileRef = C50E3FAE187DEBE600A060BD /* Highlight Icon.png */; };
		C50E3FB7187DEBE600A060BD /* Icon Big.png in Resources */ = {isa = PBXBuildFile; fileRef = C50E3FAF187DEBE600A060BD /* Icon Big.png */; };
		C50E3FB8187DEBE600A060BD /* Icon.png in Resources */ = {isa = PBXBuildFile; fileRef = C50E3FB0187DEBE600A060BD /* Icon.png */; };
		C50E3FBC187DEC8100A060BD /* MainMenu.xib in Resources */ = {isa = PBXBuildFile; fileRef = C50E3FBB187DEC8100A060BD /* MainMenu.xib */; };
/* End PBXBuildFile section */

/* Begin PBXContainerItemProxy section */
		C50E3F99187DEB8200A060BD /* PBXContainerItemProxy */ = {
			isa = PBXContainerItemProxy;
			containerPortal = C50E3F6C187DEB8100A060BD /* Project object */;
			proxyType = 1;
			remoteGlobalIDString = C50E3F73187DEB8100A060BD;
			remoteInfo = Pomo;
		};
/* End PBXContainerItemProxy section */

/* Begin PBXFileReference section */
		C50E3F74187DEB8100A060BD /* Pomo.app */ = {isa = PBXFileReference; explicitFileType = wrapper.application; includeInIndex = 0; path = Pomo.app; sourceTree = BUILT_PRODUCTS_DIR; };
		C50E3F77187DEB8100A060BD /* Cocoa.framework */ = {isa = PBXFileReference; lastKnownFileType = wrapper.framework; name = Cocoa.framework; path = System/Library/Frameworks/Cocoa.framework; sourceTree = SDKROOT; };
		C50E3F7A187DEB8100A060BD /* AppKit.framework */ = {isa = PBXFileReference; lastKnownFileType = wrapper.framework; name = AppKit.framework; path = System/Library/Frameworks/AppKit.framework; sourceTree = SDKROOT; };
		C50E3F7B187DEB8100A060BD /* CoreData.framework */ = {isa = PBXFileReference; lastKnownFileType = wrapper.framework; name = CoreData.framework; path = System/Library/Frameworks/CoreData.framework; sourceTree = SDKROOT; };
		C50E3F7C187DEB8100A060BD /* Foundation.framework */ = {isa = PBXFileReference; lastKnownFileType = wrapper.framework; name = Foundation.framework; path = System/Library/Frameworks/Foundation.framework; sourceTree = SDKROOT; };
		C50E3F7F187DEB8100A060BD /* Pomo-Info.plist */ = {isa = PBXFileReference; lastKnownFileType = text.plist.xml; path = "Pomo-Info.plist"; sourceTree = "<group>"; };
		C50E3F81187DEB8100A060BD /* en */ = {isa = PBXFileReference; lastKnownFileType = text.plist.strings; name = en; path = en.lproj/InfoPlist.strings; sourceTree = "<group>"; };
		C50E3F83187DEB8100A060BD /* main.m */ = {isa = PBXFileReference; lastKnownFileType = sourcecode.c.objc; path = main.m; sourceTree = "<group>"; };
		C50E3F85187DEB8100A060BD /* Pomo-Prefix.pch */ = {isa = PBXFileReference; lastKnownFileType = sourcecode.c.h; path = "Pomo-Prefix.pch"; sourceTree = "<group>"; };
		C50E3F87187DEB8100A060BD /* en */ = {isa = PBXFileReference; lastKnownFileType = text.rtf; name = en; path = en.lproj/Credits.rtf; sourceTree = "<group>"; };
		C50E3F8F187DEB8100A060BD /* Images.xcassets */ = {isa = PBXFileReference; lastKnownFileType = folder.assetcatalog; path = Images.xcassets; sourceTree = "<group>"; };
		C50E3F95187DEB8200A060BD /* PomoTests.xctest */ = {isa = PBXFileReference; explicitFileType = wrapper.cfbundle; includeInIndex = 0; path = PomoTests.xctest; sourceTree = BUILT_PRODUCTS_DIR; };
		C50E3F96187DEB8200A060BD /* XCTest.framework */ = {isa = PBXFileReference; lastKnownFileType = wrapper.framework; name = XCTest.framework; path = Library/Frameworks/XCTest.framework; sourceTree = DEVELOPER_DIR; };
		C50E3F9D187DEB8200A060BD /* PomoTests-Info.plist */ = {isa = PBXFileReference; lastKnownFileType = text.plist.xml; path = "PomoTests-Info.plist"; sourceTree = "<group>"; };
		C50E3F9F187DEB8200A060BD /* en */ = {isa = PBXFileReference; lastKnownFileType = text.plist.strings; name = en; path = en.lproj/InfoPlist.strings; sourceTree = "<group>"; };
		C50E3FA1187DEB8200A060BD /* PomoTests.m */ = {isa = PBXFileReference; lastKnownFileType = sourcecode.c.objc; path = PomoTests.m; sourceTree = "<group>"; };
		C50E3FAB187DEBE600A060BD /* AppDelegate.h */ = {isa = PBXFileReference; fileEncoding = 4; lastKnownFileType = sourcecode.c.h; path = AppDelegate.h; sourceTree = "<group>"; };
		C50E3FAC187DEBE600A060BD /* AppDelegate.m */ = {isa = PBXFileReference; fileEncoding = 4; lastKnownFileType = sourcecode.c.objc; path = AppDelegate.m; sourceTree = "<group>"; };
		C50E3FAD187DEBE600A060BD /* Highlight Icon Big.png */ = {isa = PBXFileReference; lastKnownFileType = image.png; path = "Highlight Icon Big.png"; sourceTree = "<group>"; };
		C50E3FAE187DEBE600A060BD /* Highlight Icon.png */ = {isa = PBXFileReference; lastKnownFileType = image.png; path = "Highlight Icon.png"; sourceTree = "<group>"; };
		C50E3FAF187DEBE600A060BD /* Icon Big.png */ = {isa = PBXFileReference; lastKnownFileType = image.png; path = "Icon Big.png"; sourceTree = "<group>"; };
		C50E3FB0187DEBE600A060BD /* Icon.png */ = {isa = PBXFileReference; lastKnownFileType = image.png; path = Icon.png; sourceTree = "<group>"; };
		C50E3FBB187DEC8100A060BD /* MainMenu.xib */ = {isa = PBXFileReference; fileEncoding = 4; lastKnownFileType = file.xib; path = MainMenu.xib; sourceTree = "<group>"; };
		C50E3FBD187DF06D00A060BD /* Pomo.entitlements */ = {isa = PBXFileReference; lastKnownFileType = text.xml; path = Pomo.entitlements; sourceTree = "<group>"; };
/* End PBXFileReference section */

/* Begin PBXFrameworksBuildPhase section */
		C50E3F71187DEB8100A060BD /* Frameworks */ = {
			isa = PBXFrameworksBuildPhase;
			buildActionMask = 2147483647;
			files = (
				C50E3F78187DEB8100A060BD /* Cocoa.framework in Frameworks */,
			);
			runOnlyForDeploymentPostprocessing = 0;
		};
		C50E3F92187DEB8200A060BD /* Frameworks */ = {
			isa = PBXFrameworksBuildPhase;
			buildActionMask = 2147483647;
			files = (
				C50E3F98187DEB8200A060BD /* Cocoa.framework in Frameworks */,
				C50E3F97187DEB8200A060BD /* XCTest.framework in Frameworks */,
			);
			runOnlyForDeploymentPostprocessing = 0;
		};
/* End PBXFrameworksBuildPhase section */

/* Begin PBXGroup section */
		C50E3F6B187DEB8100A060BD = {
			isa = PBXGroup;
			children = (
				C50E3F7D187DEB8100A060BD /* Pomo */,
				C50E3F9B187DEB8200A060BD /* PomoTests */,
				C50E3F76187DEB8100A060BD /* Frameworks */,
				C50E3F75187DEB8100A060BD /* Products */,
			);
			sourceTree = "<group>";
		};
		C50E3F75187DEB8100A060BD /* Products */ = {
			isa = PBXGroup;
			children = (
				C50E3F74187DEB8100A060BD /* Pomo.app */,
				C50E3F95187DEB8200A060BD /* PomoTests.xctest */,
			);
			name = Products;
			sourceTree = "<group>";
		};
		C50E3F76187DEB8100A060BD /* Frameworks */ = {
			isa = PBXGroup;
			children = (
				C50E3F77187DEB8100A060BD /* Cocoa.framework */,
				C50E3F96187DEB8200A060BD /* XCTest.framework */,
				C50E3F79187DEB8100A060BD /* Other Frameworks */,
			);
			name = Frameworks;
			sourceTree = "<group>";
		};
		C50E3F79187DEB8100A060BD /* Other Frameworks */ = {
			isa = PBXGroup;
			children = (
				C50E3F7A187DEB8100A060BD /* AppKit.framework */,
				C50E3F7B187DEB8100A060BD /* CoreData.framework */,
				C50E3F7C187DEB8100A060BD /* Foundation.framework */,
			);
			name = "Other Frameworks";
			sourceTree = "<group>";
		};
		C50E3F7D187DEB8100A060BD /* Pomo */ = {
			isa = PBXGroup;
			children = (
				C50E3FBD187DF06D00A060BD /* Pomo.entitlements */,
				C50E3FAB187DEBE600A060BD /* AppDelegate.h */,
				C50E3FAC187DEBE600A060BD /* AppDelegate.m */,
				C50E3FAD187DEBE600A060BD /* Highlight Icon Big.png */,
				C50E3FAE187DEBE600A060BD /* Highlight Icon.png */,
				C50E3FAF187DEBE600A060BD /* Icon Big.png */,
				C50E3FBB187DEC8100A060BD /* MainMenu.xib */,
				C50E3FB0187DEBE600A060BD /* Icon.png */,
				C50E3F8F187DEB8100A060BD /* Images.xcassets */,
				C50E3F7E187DEB8100A060BD /* Supporting Files */,
			);
			path = Pomo;
			sourceTree = "<group>";
		};
		C50E3F7E187DEB8100A060BD /* Supporting Files */ = {
			isa = PBXGroup;
			children = (
				C50E3F7F187DEB8100A060BD /* Pomo-Info.plist */,
				C50E3F80187DEB8100A060BD /* InfoPlist.strings */,
				C50E3F83187DEB8100A060BD /* main.m */,
				C50E3F85187DEB8100A060BD /* Pomo-Prefix.pch */,
				C50E3F86187DEB8100A060BD /* Credits.rtf */,
			);
			name = "Supporting Files";
			sourceTree = "<group>";
		};
		C50E3F9B187DEB8200A060BD /* PomoTests */ = {
			isa = PBXGroup;
			children = (
				C50E3FA1187DEB8200A060BD /* PomoTests.m */,
				C50E3F9C187DEB8200A060BD /* Supporting Files */,
			);
			path = PomoTests;
			sourceTree = "<group>";
		};
		C50E3F9C187DEB8200A060BD /* Supporting Files */ = {
			isa = PBXGroup;
			children = (
				C50E3F9D187DEB8200A060BD /* PomoTests-Info.plist */,
				C50E3F9E187DEB8200A060BD /* InfoPlist.strings */,
			);
			name = "Supporting Files";
			sourceTree = "<group>";
		};
/* End PBXGroup section */

/* Begin PBXNativeTarget section */
		C50E3F73187DEB8100A060BD /* Pomo */ = {
			isa = PBXNativeTarget;
			buildConfigurationList = C50E3FA5187DEB8200A060BD /* Build configuration list for PBXNativeTarget "Pomo" */;
			buildPhases = (
				C50E3F70187DEB8100A060BD /* Sources */,
				C50E3F71187DEB8100A060BD /* Frameworks */,
				C50E3F72187DEB8100A060BD /* Resources */,
			);
			buildRules = (
			);
			dependencies = (
			);
			name = Pomo;
			productName = Pomo;
			productReference = C50E3F74187DEB8100A060BD /* Pomo.app */;
			productType = "com.apple.product-type.application";
		};
		C50E3F94187DEB8200A060BD /* PomoTests */ = {
			isa = PBXNativeTarget;
			buildConfigurationList = C50E3FA8187DEB8200A060BD /* Build configuration list for PBXNativeTarget "PomoTests" */;
			buildPhases = (
				C50E3F91187DEB8200A060BD /* Sources */,
				C50E3F92187DEB8200A060BD /* Frameworks */,
				C50E3F93187DEB8200A060BD /* Resources */,
			);
			buildRules = (
			);
			dependencies = (
				C50E3F9A187DEB8200A060BD /* PBXTargetDependency */,
			);
			name = PomoTests;
			productName = PomoTests;
			productReference = C50E3F95187DEB8200A060BD /* PomoTests.xctest */;
			productType = "com.apple.product-type.bundle.unit-test";
		};
/* End PBXNativeTarget section */

/* Begin PBXProject section */
		C50E3F6C187DEB8100A060BD /* Project object */ = {
			isa = PBXProject;
			attributes = {
				LastUpgradeCheck = 0500;
				ORGANIZATIONNAME = "Guido Bouman";
				TargetAttributes = {
					C50E3F73187DEB8100A060BD = {
						DevelopmentTeam = N45SMLVFRK;
						SystemCapabilities = {
							com.apple.Sandbox = {
								enabled = 1;
							};
						};
					};
					C50E3F94187DEB8200A060BD = {
						TestTargetID = C50E3F73187DEB8100A060BD;
					};
				};
			};
			buildConfigurationList = C50E3F6F187DEB8100A060BD /* Build configuration list for PBXProject "Pomo" */;
			compatibilityVersion = "Xcode 3.2";
			developmentRegion = English;
			hasScannedForEncodings = 0;
			knownRegions = (
				en,
				Base,
			);
			mainGroup = C50E3F6B187DEB8100A060BD;
			productRefGroup = C50E3F75187DEB8100A060BD /* Products */;
			projectDirPath = "";
			projectRoot = "";
			targets = (
				C50E3F73187DEB8100A060BD /* Pomo */,
				C50E3F94187DEB8200A060BD /* PomoTests */,
			);
		};
/* End PBXProject section */

/* Begin PBXResourcesBuildPhase section */
		C50E3F72187DEB8100A060BD /* Resources */ = {
			isa = PBXResourcesBuildPhase;
			buildActionMask = 2147483647;
			files = (
				C50E3FB6187DEBE600A060BD /* Highlight Icon.png in Resources */,
				C50E3FB5187DEBE600A060BD /* Highlight Icon Big.png in Resources */,
				C50E3F82187DEB8100A060BD /* InfoPlist.strings in Resources */,
				C50E3F90187DEB8100A060BD /* Images.xcassets in Resources */,
				C50E3FB7187DEBE600A060BD /* Icon Big.png in Resources */,
				C50E3FB8187DEBE600A060BD /* Icon.png in Resources */,
				C50E3F88187DEB8100A060BD /* Credits.rtf in Resources */,
				C50E3FBC187DEC8100A060BD /* MainMenu.xib in Resources */,
			);
			runOnlyForDeploymentPostprocessing = 0;
		};
		C50E3F93187DEB8200A060BD /* Resources */ = {
			isa = PBXResourcesBuildPhase;
			buildActionMask = 2147483647;
			files = (
				C50E3FA0187DEB8200A060BD /* InfoPlist.strings in Resources */,
			);
			runOnlyForDeploymentPostprocessing = 0;
		};
/* End PBXResourcesBuildPhase section */

/* Begin PBXSourcesBuildPhase section */
		C50E3F70187DEB8100A060BD /* Sources */ = {
			isa = PBXSourcesBuildPhase;
			buildActionMask = 2147483647;
			files = (
				C50E3FB4187DEBE600A060BD /* AppDelegate.m in Sources */,
				C50E3F84187DEB8100A060BD /* main.m in Sources */,
			);
			runOnlyForDeploymentPostprocessing = 0;
		};
		C50E3F91187DEB8200A060BD /* Sources */ = {
			isa = PBXSourcesBuildPhase;
			buildActionMask = 2147483647;
			files = (
				C50E3FA2187DEB8200A060BD /* PomoTests.m in Sources */,
			);
			runOnlyForDeploymentPostprocessing = 0;
		};
/* End PBXSourcesBuildPhase section */

/* Begin PBXTargetDependency section */
		C50E3F9A187DEB8200A060BD /* PBXTargetDependency */ = {
			isa = PBXTargetDependency;
			target = C50E3F73187DEB8100A060BD /* Pomo */;
			targetProxy = C50E3F99187DEB8200A060BD /* PBXContainerItemProxy */;
		};
/* End PBXTargetDependency section */

/* Begin PBXVariantGroup section */
		C50E3F80187DEB8100A060BD /* InfoPlist.strings */ = {
			isa = PBXVariantGroup;
			children = (
				C50E3F81187DEB8100A060BD /* en */,
			);
			name = InfoPlist.strings;
			sourceTree = "<group>";
		};
		C50E3F86187DEB8100A060BD /* Credits.rtf */ = {
			isa = PBXVariantGroup;
			children = (
				C50E3F87187DEB8100A060BD /* en */,
			);
			name = Credits.rtf;
			sourceTree = "<group>";
		};
		C50E3F9E187DEB8200A060BD /* InfoPlist.strings */ = {
			isa = PBXVariantGroup;
			children = (
				C50E3F9F187DEB8200A060BD /* en */,
			);
			name = InfoPlist.strings;
			sourceTree = "<group>";
		};
/* End PBXVariantGroup section */

/* Begin XCBuildConfiguration section */
		C50E3FA3187DEB8200A060BD /* Debug */ = {
			isa = XCBuildConfiguration;
			buildSettings = {
				ALWAYS_SEARCH_USER_PATHS = NO;
				CLANG_CXX_LANGUAGE_STANDARD = "gnu++0x";
				CLANG_CXX_LIBRARY = "libc++";
				CLANG_ENABLE_OBJC_ARC = YES;
				CLANG_WARN_BOOL_CONVERSION = YES;
				CLANG_WARN_CONSTANT_CONVERSION = YES;
				CLANG_WARN_DIRECT_OBJC_ISA_USAGE = YES_ERROR;
				CLANG_WARN_EMPTY_BODY = YES;
				CLANG_WARN_ENUM_CONVERSION = YES;
				CLANG_WARN_INT_CONVERSION = YES;
				CLANG_WARN_OBJC_ROOT_CLASS = YES_ERROR;
				CLANG_WARN__DUPLICATE_METHOD_MATCH = YES;
				COPY_PHASE_STRIP = NO;
				GCC_C_LANGUAGE_STANDARD = gnu99;
				GCC_DYNAMIC_NO_PIC = NO;
				GCC_ENABLE_OBJC_EXCEPTIONS = YES;
				GCC_OPTIMIZATION_LEVEL = 0;
				GCC_PREPROCESSOR_DEFINITIONS = (
					"DEBUG=1",
					"$(inherited)",
				);
				GCC_SYMBOLS_PRIVATE_EXTERN = NO;
				GCC_WARN_64_TO_32_BIT_CONVERSION = YES;
				GCC_WARN_ABOUT_RETURN_TYPE = YES_ERROR;
				GCC_WARN_UNDECLARED_SELECTOR = YES;
				GCC_WARN_UNINITIALIZED_AUTOS = YES;
				GCC_WARN_UNUSED_FUNCTION = YES;
				GCC_WARN_UNUSED_VARIABLE = YES;
				MACOSX_DEPLOYMENT_TARGET = 10.9;
				ONLY_ACTIVE_ARCH = YES;
				SDKROOT = macosx;
			};
			name = Debug;
		};
		C50E3FA4187DEB8200A060BD /* Release */ = {
			isa = XCBuildConfiguration;
			buildSettings = {
				ALWAYS_SEARCH_USER_PATHS = NO;
				CLANG_CXX_LANGUAGE_STANDARD = "gnu++0x";
				CLANG_CXX_LIBRARY = "libc++";
				CLANG_ENABLE_OBJC_ARC = YES;
				CLANG_WARN_BOOL_CONVERSION = YES;
				CLANG_WARN_CONSTANT_CONVERSION = YES;
				CLANG_WARN_DIRECT_OBJC_ISA_USAGE = YES_ERROR;
				CLANG_WARN_EMPTY_BODY = YES;
				CLANG_WARN_ENUM_CONVERSION = YES;
				CLANG_WARN_INT_CONVERSION = YES;
				CLANG_WARN_OBJC_ROOT_CLASS = YES_ERROR;
				CLANG_WARN__DUPLICATE_METHOD_MATCH = YES;
				COPY_PHASE_STRIP = YES;
				DEBUG_INFORMATION_FORMAT = "dwarf-with-dsym";
				ENABLE_NS_ASSERTIONS = NO;
				GCC_C_LANGUAGE_STANDARD = gnu99;
				GCC_ENABLE_OBJC_EXCEPTIONS = YES;
				GCC_WARN_64_TO_32_BIT_CONVERSION = YES;
				GCC_WARN_ABOUT_RETURN_TYPE = YES_ERROR;
				GCC_WARN_UNDECLARED_SELECTOR = YES;
				GCC_WARN_UNINITIALIZED_AUTOS = YES;
				GCC_WARN_UNUSED_FUNCTION = YES;
				GCC_WARN_UNUSED_VARIABLE = YES;
				MACOSX_DEPLOYMENT_TARGET = 10.9;
				SDKROOT = macosx;
			};
			name = Release;
		};
		C50E3FA6187DEB8200A060BD /* Debug */ = {
			isa = XCBuildConfiguration;
			buildSettings = {
				ASSETCATALOG_COMPILER_APPICON_NAME = AppIcon;
				CODE_SIGN_ENTITLEMENTS = Pomo/Pomo.entitlements;
				CODE_SIGN_IDENTITY = "Mac Developer";
				"CODE_SIGN_IDENTITY[sdk=macosx*]" = "Mac Developer";
				COMBINE_HIDPI_IMAGES = YES;
				GCC_PRECOMPILE_PREFIX_HEADER = YES;
				GCC_PREFIX_HEADER = "Pomo/Pomo-Prefix.pch";
				INFOPLIST_FILE = "Pomo/Pomo-Info.plist";
				PRODUCT_NAME = "$(TARGET_NAME)";
				PROVISIONING_PROFILE = "";
				WRAPPER_EXTENSION = app;
			};
			name = Debug;
		};
		C50E3FA7187DEB8200A060BD /* Release */ = {
			isa = XCBuildConfiguration;
			buildSettings = {
				ASSETCATALOG_COMPILER_APPICON_NAME = AppIcon;
				CODE_SIGN_ENTITLEMENTS = Pomo/Pomo.entitlements;
				CODE_SIGN_IDENTITY = "Mac Developer";
				"CODE_SIGN_IDENTITY[sdk=macosx*]" = "Mac Developer";
				COMBINE_HIDPI_IMAGES = YES;
				GCC_PRECOMPILE_PREFIX_HEADER = YES;
				GCC_PREFIX_HEADER = "Pomo/Pomo-Prefix.pch";
				INFOPLIST_FILE = "Pomo/Pomo-Info.plist";
				PRODUCT_NAME = "$(TARGET_NAME)";
				PROVISIONING_PROFILE = "";
				WRAPPER_EXTENSION = app;
			};
			name = Release;
		};
		C50E3FA9187DEB8200A060BD /* Debug */ = {
			isa = XCBuildConfiguration;
			buildSettings = {
				BUNDLE_LOADER = "$(BUILT_PRODUCTS_DIR)/Pomo.app/Contents/MacOS/Pomo";
				COMBINE_HIDPI_IMAGES = YES;
				FRAMEWORK_SEARCH_PATHS = (
					"$(DEVELOPER_FRAMEWORKS_DIR)",
					"$(inherited)",
				);
				GCC_PRECOMPILE_PREFIX_HEADER = YES;
				GCC_PREFIX_HEADER = "Pomo/Pomo-Prefix.pch";
				GCC_PREPROCESSOR_DEFINITIONS = (
					"DEBUG=1",
					"$(inherited)",
				);
				INFOPLIST_FILE = "PomoTests/PomoTests-Info.plist";
				PRODUCT_NAME = "$(TARGET_NAME)";
				TEST_HOST = "$(BUNDLE_LOADER)";
				WRAPPER_EXTENSION = xctest;
			};
			name = Debug;
		};
		C50E3FAA187DEB8200A060BD /* Release */ = {
			isa = XCBuildConfiguration;
			buildSettings = {
				BUNDLE_LOADER = "$(BUILT_PRODUCTS_DIR)/Pomo.app/Contents/MacOS/Pomo";
				COMBINE_HIDPI_IMAGES = YES;
				FRAMEWORK_SEARCH_PATHS = (
					"$(DEVELOPER_FRAMEWORKS_DIR)",
					"$(inherited)",
				);
				GCC_PRECOMPILE_PREFIX_HEADER = YES;
				GCC_PREFIX_HEADER = "Pomo/Pomo-Prefix.pch";
				INFOPLIST_FILE = "PomoTests/PomoTests-Info.plist";
				PRODUCT_NAME = "$(TARGET_NAME)";
				TEST_HOST = "$(BUNDLE_LOADER)";
				WRAPPER_EXTENSION = xctest;
			};
			name = Release;
		};
/* End XCBuildConfiguration section */

/* Begin XCConfigurationList section */
		C50E3F6F187DEB8100A060BD /* Build configuration list for PBXProject "Pomo" */ = {
			isa = XCConfigurationList;
			buildConfigurations = (
				C50E3FA3187DEB8200A060BD /* Debug */,
				C50E3FA4187DEB8200A060BD /* Release */,
			);
			defaultConfigurationIsVisible = 0;
			defaultConfigurationName = Release;
		};
		C50E3FA5187DEB8200A060BD /* Build configuration list for PBXNativeTarget "Pomo" */ = {
			isa = XCConfigurationList;
			buildConfigurations = (
				C50E3FA6187DEB8200A060BD /* Debug */,
				C50E3FA7187DEB8200A060BD /* Release */,
			);
			defaultConfigurationIsVisible = 0;
			defaultConfigurationName = Release;
		};
		C50E3FA8187DEB8200A060BD /* Build configuration list for PBXNativeTarget "PomoTests" */ = {
			isa = XCConfigurationList;
			buildConfigurations = (
				C50E3FA9187DEB8200A060BD /* Debug */,
				C50E3FAA187DEB8200A060BD /* Release */,
			);
			defaultConfigurationIsVisible = 0;
			defaultConfigurationName = Release;
		};
/* End XCConfigurationList section */
	};
	rootObject = C50E3F6C187DEB8100A060BD /* Project object */;
}
